
Microsoft Visual Studio Solution File, Format Version 12.00
# Visual Studio Version 16
VisualStudioVersion = 16.0.31129.286
MinimumVisualStudioVersion = 10.0.40219.1
Project("{FAE04EC0-301F-11D3-BF4B-00C04F79EFBC}") = "Lan Adress Scanner", "Lan Adress Scanner\Lan Adress Scanner.csproj", "{0F8C93CF-1FB6-4D31-81A6-9198343E4101}"
EndProject
Global
	GlobalSection(SolutionConfigurationPlatforms) = preSolution
		Debug|Any CPU = Debug|Any CPU
		Release|Any CPU = Release|Any CPU
	EndGlobalSection
	GlobalSection(ProjectConfigurationPlatforms) = postSolution
		{0F8C93CF-1FB6-4D31-81A6-9198343E4101}.Debug|Any CPU.ActiveCfg = Debug|Any CPU
		{0F8C93CF-1FB6-4D31-81A6-9198343E4101}.Debug|Any CPU.Build.0 = Debug|Any CPU
		{0F8C93CF-1FB6-4D31-81A6-9198343E4101}.Release|Any CPU.ActiveCfg = Release|Any CPU
		{0F8C93CF-1FB6-4D31-81A6-9198343E4101}.Release|Any CPU.Build.0 = Release|Any CPU
	EndGlobalSection
	GlobalSection(SolutionProperties) = preSolution
		HideSolutionNode = FALSE
	EndGlobalSection
	GlobalSection(ExtensibilityGlobals) = postSolution
		SolutionGuid = {25F49AD0-EDA5-4BD4-B1B0-C6C5B21F11B1}
	EndGlobalSection
EndGlobal
